
Microsoft Visual Studio Solution File, Format Version 12.00
# Visual Studio Version 17
VisualStudioVersion = 17.1.32407.343
MinimumVisualStudioVersion = 10.0.40219.1
Project("{9A19103F-16F7-4668-BE54-9A1E7A4F7556}") = "Packbacker.WPF", "Packbacker.WPF\Packbacker.WPF.csproj", "{B1254383-DD24-4E1B-AEA1-4E8ED9BFE96F}"
EndProject
Project("{2150E333-8FDC-42A3-9474-1A3956D46DE8}") = "Solution Items", "Solution Items", "{A4F9A5E0-EEB6-4D42-814A-52490BC0EBDD}"
	ProjectSection(SolutionItems) = preProject
		.editorconfig = .editorconfig
	EndProjectSection
EndProject
Project("{9A19103F-16F7-4668-BE54-9A1E7A4F7556}") = "Packbacker.ViewModels", "Packbacker.ViewModels\Packbacker.ViewModels.csproj", "{CB660408-DAF9-4F63-B080-846CA3C91563}"
EndProject
Project("{9A19103F-16F7-4668-BE54-9A1E7A4F7556}") = "Packbacker.ViewModels.Design", "Packbacker.ViewModels.Design\Packbacker.ViewModels.Design.csproj", "{0ACCA6E8-AC02-4C46-AB3F-403BA58CF006}"
EndProject
Project("{9A19103F-16F7-4668-BE54-9A1E7A4F7556}") = "Packbacker.ViewModels.Tests", "Packbacker.ViewModels.Tests\Packbacker.ViewModels.Tests.csproj", "{C0ED1A19-CB89-40CC-8288-DE82A121DCF7}"
EndProject
Project("{9A19103F-16F7-4668-BE54-9A1E7A4F7556}") = "Packbacker.Domain", "Packbacker.Domain\Packbacker.Domain.csproj", "{C4F6AC77-861D-428E-BFF6-B5235459C1C1}"
EndProject
Project("{9A19103F-16F7-4668-BE54-9A1E7A4F7556}") = "Packbacker.Domain.Tests", "Packbacker.Domain.Tests\Packbacker.Domain.Tests.csproj", "{FC1FC1C0-4B1A-410D-B881-253DBC7E046B}"
EndProject
Project("{FAE04EC0-301F-11D3-BF4B-00C04F79EFBC}") = "Packbacker.WPF.Tests", "Packbacker.WPF.Tests\Packbacker.WPF.Tests.csproj", "{E4012852-4656-4F64-BD69-07DABAFF63B0}"
EndProject
Global
	GlobalSection(SolutionConfigurationPlatforms) = preSolution
		Debug|Any CPU = Debug|Any CPU
		Release|Any CPU = Release|Any CPU
	EndGlobalSection
	GlobalSection(ProjectConfigurationPlatforms) = postSolution
		{B1254383-DD24-4E1B-AEA1-4E8ED9BFE96F}.Debug|Any CPU.ActiveCfg = Debug|Any CPU
		{B1254383-DD24-4E1B-AEA1-4E8ED9BFE96F}.Debug|Any CPU.Build.0 = Debug|Any CPU
		{B1254383-DD24-4E1B-AEA1-4E8ED9BFE96F}.Release|Any CPU.ActiveCfg = Release|Any CPU
		{B1254383-DD24-4E1B-AEA1-4E8ED9BFE96F}.Release|Any CPU.Build.0 = Release|Any CPU
		{CB660408-DAF9-4F63-B080-846CA3C91563}.Debug|Any CPU.ActiveCfg = Debug|Any CPU
		{CB660408-DAF9-4F63-B080-846CA3C91563}.Debug|Any CPU.Build.0 = Debug|Any CPU
		{CB660408-DAF9-4F63-B080-846CA3C91563}.Release|Any CPU.ActiveCfg = Release|Any CPU
		{CB660408-DAF9-4F63-B080-846CA3C91563}.Release|Any CPU.Build.0 = Release|Any CPU
		{0ACCA6E8-AC02-4C46-AB3F-403BA58CF006}.Debug|Any CPU.ActiveCfg = Debug|Any CPU
		{0ACCA6E8-AC02-4C46-AB3F-403BA58CF006}.Debug|Any CPU.Build.0 = Debug|Any CPU
		{0ACCA6E8-AC02-4C46-AB3F-403BA58CF006}.Release|Any CPU.ActiveCfg = Release|Any CPU
		{0ACCA6E8-AC02-4C46-AB3F-403BA58CF006}.Release|Any CPU.Build.0 = Release|Any CPU
		{C0ED1A19-CB89-40CC-8288-DE82A121DCF7}.Debug|Any CPU.ActiveCfg = Debug|Any CPU
		{C0ED1A19-CB89-40CC-8288-DE82A121DCF7}.Debug|Any CPU.Build.0 = Debug|Any CPU
		{C0ED1A19-CB89-40CC-8288-DE82A121DCF7}.Release|Any CPU.ActiveCfg = Release|Any CPU
		{C0ED1A19-CB89-40CC-8288-DE82A121DCF7}.Release|Any CPU.Build.0 = Release|Any CPU
		{C4F6AC77-861D-428E-BFF6-B5235459C1C1}.Debug|Any CPU.ActiveCfg = Debug|Any CPU
		{C4F6AC77-861D-428E-BFF6-B5235459C1C1}.Debug|Any CPU.Build.0 = Debug|Any CPU
		{C4F6AC77-861D-428E-BFF6-B5235459C1C1}.Release|Any CPU.ActiveCfg = Release|Any CPU
		{C4F6AC77-861D-428E-BFF6-B5235459C1C1}.Release|Any CPU.Build.0 = Release|Any CPU
		{FC1FC1C0-4B1A-410D-B881-253DBC7E046B}.Debug|Any CPU.ActiveCfg = Debug|Any CPU
		{FC1FC1C0-4B1A-410D-B881-253DBC7E046B}.Debug|Any CPU.Build.0 = Debug|Any CPU
		{FC1FC1C0-4B1A-410D-B881-253DBC7E046B}.Release|Any CPU.ActiveCfg = Release|Any CPU
		{FC1FC1C0-4B1A-410D-B881-253DBC7E046B}.Release|Any CPU.Build.0 = Release|Any CPU
		{E4012852-4656-4F64-BD69-07DABAFF63B0}.Debug|Any CPU.ActiveCfg = Debug|Any CPU
		{E4012852-4656-4F64-BD69-07DABAFF63B0}.Debug|Any CPU.Build.0 = Debug|Any CPU
		{E4012852-4656-4F64-BD69-07DABAFF63B0}.Release|Any CPU.ActiveCfg = Release|Any CPU
		{E4012852-4656-4F64-BD69-07DABAFF63B0}.Release|Any CPU.Build.0 = Release|Any CPU
	EndGlobalSection
	GlobalSection(SolutionProperties) = preSolution
		HideSolutionNode = FALSE
	EndGlobalSection
	GlobalSection(ExtensibilityGlobals) = postSolution
		SolutionGuid = {53F573B3-FCFD-4AF2-BABB-A57B80912C75}
	EndGlobalSection
EndGlobal
